// !$*UTF8*$!
{
	archiveVersion = 1;
	classes = {
	};
	objectVersion = 50;
	objects = {

/* Begin PBXBuildFile section */
		BFB23B362606647C007981E6 /* ProjectListView.swift in Sources */ = {isa = PBXBuildFile; fileRef = BFB23B352606647C007981E6 /* ProjectListView.swift */; };
		BFB23B3A260667D4007981E6 /* Project+CoreDataClass.swift in Sources */ = {isa = PBXBuildFile; fileRef = BFB23B38260667D4007981E6 /* Project+CoreDataClass.swift */; };
		BFB23B3B260667D4007981E6 /* Project+CoreDataProperties.swift in Sources */ = {isa = PBXBuildFile; fileRef = BFB23B39260667D4007981E6 /* Project+CoreDataProperties.swift */; };
		BFB23B3F26066B6C007981E6 /* ProjectSheet.swift in Sources */ = {isa = PBXBuildFile; fileRef = BFB23B3E26066B6C007981E6 /* ProjectSheet.swift */; };
		BFB23B42260671E6007981E6 /* ProjectDetailView.swift in Sources */ = {isa = PBXBuildFile; fileRef = BFB23B41260671E6007981E6 /* ProjectDetailView.swift */; };
		BFD2FBD72601630F000A7590 /* GreenFinanceTryApp.swift in Sources */ = {isa = PBXBuildFile; fileRef = BFD2FBD62601630F000A7590 /* GreenFinanceTryApp.swift */; };
		BFD2FBD92601630F000A7590 /* ContentView.swift in Sources */ = {isa = PBXBuildFile; fileRef = BFD2FBD82601630F000A7590 /* ContentView.swift */; };
		BFD2FBDB26016313000A7590 /* Assets.xcassets in Resources */ = {isa = PBXBuildFile; fileRef = BFD2FBDA26016313000A7590 /* Assets.xcassets */; };
		BFD2FBDE26016313000A7590 /* Preview Assets.xcassets in Resources */ = {isa = PBXBuildFile; fileRef = BFD2FBDD26016313000A7590 /* Preview Assets.xcassets */; };
		BFD2FBE026016313000A7590 /* Persistence.swift in Sources */ = {isa = PBXBuildFile; fileRef = BFD2FBDF26016313000A7590 /* Persistence.swift */; };
		BFD2FBE326016313000A7590 /* GreenFinanceTry.xcdatamodeld in Sources */ = {isa = PBXBuildFile; fileRef = BFD2FBE126016313000A7590 /* GreenFinanceTry.xcdatamodeld */; };
		BFD2FBED260163B9000A7590 /* UserProfData+CoreDataClass.swift in Sources */ = {isa = PBXBuildFile; fileRef = BFD2FBEB260163B9000A7590 /* UserProfData+CoreDataClass.swift */; };
		BFD2FBEE260163B9000A7590 /* UserProfData+CoreDataProperties.swift in Sources */ = {isa = PBXBuildFile; fileRef = BFD2FBEC260163B9000A7590 /* UserProfData+CoreDataProperties.swift */; };
		BFD2FBF12601646B000A7590 /* UserProfDataListView.swift in Sources */ = {isa = PBXBuildFile; fileRef = BFD2FBF02601646B000A7590 /* UserProfDataListView.swift */; };
		BFD2FBF426016E6C000A7590 /* UserProfDataSheet.swift in Sources */ = {isa = PBXBuildFile; fileRef = BFD2FBF326016E6C000A7590 /* UserProfDataSheet.swift */; };
		BFD2FC0326023172000A7590 /* UserProfDataDetailView.swift in Sources */ = {isa = PBXBuildFile; fileRef = BFD2FC0226023172000A7590 /* UserProfDataDetailView.swift */; };
		BFD2FC2F2602AB53000A7590 /* VideoOnboardingScreenView.swift in Sources */ = {isa = PBXBuildFile; fileRef = BFD2FC2E2602AB53000A7590 /* VideoOnboardingScreenView.swift */; };
		BFD2FC322602ABEF000A7590 /* UIPlayerView.swift in Sources */ = {isa = PBXBuildFile; fileRef = BFD2FC312602ABEF000A7590 /* UIPlayerView.swift */; };
		BFD2FC392602B60D000A7590 /* TabBarView.swift in Sources */ = {isa = PBXBuildFile; fileRef = BFD2FC382602B60D000A7590 /* TabBarView.swift */; };
/* End PBXBuildFile section */

/* Begin PBXFileReference section */
		BFB23B352606647C007981E6 /* ProjectListView.swift */ = {isa = PBXFileReference; lastKnownFileType = sourcecode.swift; path = ProjectListView.swift; sourceTree = "<group>"; };
		BFB23B38260667D4007981E6 /* Project+CoreDataClass.swift */ = {isa = PBXFileReference; lastKnownFileType = sourcecode.swift; path = "Project+CoreDataClass.swift"; sourceTree = "<group>"; };
		BFB23B39260667D4007981E6 /* Project+CoreDataProperties.swift */ = {isa = PBXFileReference; lastKnownFileType = sourcecode.swift; path = "Project+CoreDataProperties.swift"; sourceTree = "<group>"; };
		BFB23B3E26066B6C007981E6 /* ProjectSheet.swift */ = {isa = PBXFileReference; lastKnownFileType = sourcecode.swift; path = ProjectSheet.swift; sourceTree = "<group>"; };
		BFB23B41260671E6007981E6 /* ProjectDetailView.swift */ = {isa = PBXFileReference; lastKnownFileType = sourcecode.swift; path = ProjectDetailView.swift; sourceTree = "<group>"; };
		BFD2FBD32601630F000A7590 /* GreenFinanceTry.app */ = {isa = PBXFileReference; explicitFileType = wrapper.application; includeInIndex = 0; path = GreenFinanceTry.app; sourceTree = BUILT_PRODUCTS_DIR; };
		BFD2FBD62601630F000A7590 /* GreenFinanceTryApp.swift */ = {isa = PBXFileReference; lastKnownFileType = sourcecode.swift; path = GreenFinanceTryApp.swift; sourceTree = "<group>"; };
		BFD2FBD82601630F000A7590 /* ContentView.swift */ = {isa = PBXFileReference; lastKnownFileType = sourcecode.swift; path = ContentView.swift; sourceTree = "<group>"; };
		BFD2FBDA26016313000A7590 /* Assets.xcassets */ = {isa = PBXFileReference; lastKnownFileType = folder.assetcatalog; path = Assets.xcassets; sourceTree = "<group>"; };
		BFD2FBDD26016313000A7590 /* Preview Assets.xcassets */ = {isa = PBXFileReference; lastKnownFileType = folder.assetcatalog; path = "Preview Assets.xcassets"; sourceTree = "<group>"; };
		BFD2FBDF26016313000A7590 /* Persistence.swift */ = {isa = PBXFileReference; lastKnownFileType = sourcecode.swift; path = Persistence.swift; sourceTree = "<group>"; };
		BFD2FBE226016313000A7590 /* GreenFinanceTry.xcdatamodel */ = {isa = PBXFileReference; lastKnownFileType = wrapper.xcdatamodel; path = GreenFinanceTry.xcdatamodel; sourceTree = "<group>"; };
		BFD2FBE426016313000A7590 /* Info.plist */ = {isa = PBXFileReference; lastKnownFileType = text.plist.xml; path = Info.plist; sourceTree = "<group>"; };
		BFD2FBEB260163B9000A7590 /* UserProfData+CoreDataClass.swift */ = {isa = PBXFileReference; lastKnownFileType = sourcecode.swift; path = "UserProfData+CoreDataClass.swift"; sourceTree = "<group>"; };
		BFD2FBEC260163B9000A7590 /* UserProfData+CoreDataProperties.swift */ = {isa = PBXFileReference; lastKnownFileType = sourcecode.swift; path = "UserProfData+CoreDataProperties.swift"; sourceTree = "<group>"; };
		BFD2FBF02601646B000A7590 /* UserProfDataListView.swift */ = {isa = PBXFileReference; lastKnownFileType = sourcecode.swift; path = UserProfDataListView.swift; sourceTree = "<group>"; };
		BFD2FBF326016E6C000A7590 /* UserProfDataSheet.swift */ = {isa = PBXFileReference; lastKnownFileType = sourcecode.swift; path = UserProfDataSheet.swift; sourceTree = "<group>"; };
		BFD2FC0226023172000A7590 /* UserProfDataDetailView.swift */ = {isa = PBXFileReference; lastKnownFileType = sourcecode.swift; path = UserProfDataDetailView.swift; sourceTree = "<group>"; };
		BFD2FC2E2602AB53000A7590 /* VideoOnboardingScreenView.swift */ = {isa = PBXFileReference; lastKnownFileType = sourcecode.swift; path = VideoOnboardingScreenView.swift; sourceTree = "<group>"; };
		BFD2FC312602ABEF000A7590 /* UIPlayerView.swift */ = {isa = PBXFileReference; fileEncoding = 4; lastKnownFileType = sourcecode.swift; path = UIPlayerView.swift; sourceTree = "<group>"; };
		BFD2FC382602B60D000A7590 /* TabBarView.swift */ = {isa = PBXFileReference; lastKnownFileType = sourcecode.swift; path = TabBarView.swift; sourceTree = "<group>"; };
/* End PBXFileReference section */

/* Begin PBXFrameworksBuildPhase section */
		BFD2FBD02601630F000A7590 /* Frameworks */ = {
			isa = PBXFrameworksBuildPhase;
			buildActionMask = 2147483647;
			files = (
			);
			runOnlyForDeploymentPostprocessing = 0;
		};
/* End PBXFrameworksBuildPhase section */

/* Begin PBXGroup section */
		BFB23B3D26066B23007981E6 /* Onboard */ = {
			isa = PBXGroup;
			children = (
				BFD2FC2E2602AB53000A7590 /* VideoOnboardingScreenView.swift */,
				BFD2FC312602ABEF000A7590 /* UIPlayerView.swift */,
			);
			path = Onboard;
			sourceTree = "<group>";
		};
		BFD2FBCA2601630F000A7590 = {
			isa = PBXGroup;
			children = (
				BFB23B38260667D4007981E6 /* Project+CoreDataClass.swift */,
				BFB23B39260667D4007981E6 /* Project+CoreDataProperties.swift */,
				BFD2FBEB260163B9000A7590 /* UserProfData+CoreDataClass.swift */,
				BFD2FBEC260163B9000A7590 /* UserProfData+CoreDataProperties.swift */,
				BFD2FBD52601630F000A7590 /* GreenFinanceTry */,
				BFD2FBD42601630F000A7590 /* Products */,
			);
			sourceTree = "<group>";
		};
		BFD2FBD42601630F000A7590 /* Products */ = {
			isa = PBXGroup;
			children = (
				BFD2FBD32601630F000A7590 /* GreenFinanceTry.app */,
			);
			name = Products;
			sourceTree = "<group>";
		};
		BFD2FBD52601630F000A7590 /* GreenFinanceTry */ = {
			isa = PBXGroup;
			children = (
				BFD2FBD62601630F000A7590 /* GreenFinanceTryApp.swift */,
				BFD2FBD82601630F000A7590 /* ContentView.swift */,
				BFD2FC382602B60D000A7590 /* TabBarView.swift */,
				BFB23B3D26066B23007981E6 /* Onboard */,
				BFD2FBF02601646B000A7590 /* UserProfDataListView.swift */,
				BFB23B352606647C007981E6 /* ProjectListView.swift */,
				BFD2FBF326016E6C000A7590 /* UserProfDataSheet.swift */,
				BFB23B3E26066B6C007981E6 /* ProjectSheet.swift */,
				BFD2FC0226023172000A7590 /* UserProfDataDetailView.swift */,
				BFB23B41260671E6007981E6 /* ProjectDetailView.swift */,
				BFD2FBDA26016313000A7590 /* Assets.xcassets */,
				BFD2FBDF26016313000A7590 /* Persistence.swift */,
				BFD2FBE426016313000A7590 /* Info.plist */,
				BFD2FBE126016313000A7590 /* GreenFinanceTry.xcdatamodeld */,
				BFD2FBDC26016313000A7590 /* Preview Content */,
			);
			path = GreenFinanceTry;
			sourceTree = "<group>";
		};
		BFD2FBDC26016313000A7590 /* Preview Content */ = {
			isa = PBXGroup;
			children = (
				BFD2FBDD26016313000A7590 /* Preview Assets.xcassets */,
			);
			path = "Preview Content";
			sourceTree = "<group>";
		};
/* End PBXGroup section */

/* Begin PBXNativeTarget section */
		BFD2FBD22601630F000A7590 /* GreenFinanceTry */ = {
			isa = PBXNativeTarget;
			buildConfigurationList = BFD2FBE726016313000A7590 /* Build configuration list for PBXNativeTarget "GreenFinanceTry" */;
			buildPhases = (
				BFD2FBCF2601630F000A7590 /* Sources */,
				BFD2FBD02601630F000A7590 /* Frameworks */,
				BFD2FBD12601630F000A7590 /* Resources */,
			);
			buildRules = (
			);
			dependencies = (
			);
			name = GreenFinanceTry;
			productName = GreenFinanceTry;
			productReference = BFD2FBD32601630F000A7590 /* GreenFinanceTry.app */;
			productType = "com.apple.product-type.application";
		};
/* End PBXNativeTarget section */

/* Begin PBXProject section */
		BFD2FBCB2601630F000A7590 /* Project object */ = {
			isa = PBXProject;
			attributes = {
				LastSwiftUpdateCheck = 1240;
				LastUpgradeCheck = 1240;
				TargetAttributes = {
					BFD2FBD22601630F000A7590 = {
						CreatedOnToolsVersion = 12.4;
					};
				};
			};
			buildConfigurationList = BFD2FBCE2601630F000A7590 /* Build configuration list for PBXProject "GreenFinanceTry" */;
			compatibilityVersion = "Xcode 9.3";
			developmentRegion = en;
			hasScannedForEncodings = 0;
			knownRegions = (
				en,
				Base,
			);
			mainGroup = BFD2FBCA2601630F000A7590;
			productRefGroup = BFD2FBD42601630F000A7590 /* Products */;
			projectDirPath = "";
			projectRoot = "";
			targets = (
				BFD2FBD22601630F000A7590 /* GreenFinanceTry */,
			);
		};
/* End PBXProject section */

/* Begin PBXResourcesBuildPhase section */
		BFD2FBD12601630F000A7590 /* Resources */ = {
			isa = PBXResourcesBuildPhase;
			buildActionMask = 2147483647;
			files = (
				BFD2FBDE26016313000A7590 /* Preview Assets.xcassets in Resources */,
				BFD2FBDB26016313000A7590 /* Assets.xcassets in Resources */,
			);
			runOnlyForDeploymentPostprocessing = 0;
		};
/* End PBXResourcesBuildPhase section */

/* Begin PBXSourcesBuildPhase section */
		BFD2FBCF2601630F000A7590 /* Sources */ = {
			isa = PBXSourcesBuildPhase;
			buildActionMask = 2147483647;
			files = (
				BFD2FBE326016313000A7590 /* GreenFinanceTry.xcdatamodeld in Sources */,
				BFD2FC2F2602AB53000A7590 /* VideoOnboardingScreenView.swift in Sources */,
				BFB23B42260671E6007981E6 /* ProjectDetailView.swift in Sources */,
				BFD2FC0326023172000A7590 /* UserProfDataDetailView.swift in Sources */,
				BFB23B3A260667D4007981E6 /* Project+CoreDataClass.swift in Sources */,
				BFD2FBE026016313000A7590 /* Persistence.swift in Sources */,
				BFD2FBED260163B9000A7590 /* UserProfData+CoreDataClass.swift in Sources */,
				BFD2FBF426016E6C000A7590 /* UserProfDataSheet.swift in Sources */,
				BFB23B3B260667D4007981E6 /* Project+CoreDataProperties.swift in Sources */,
				BFD2FBD92601630F000A7590 /* ContentView.swift in Sources */,
				BFD2FBF12601646B000A7590 /* UserProfDataListView.swift in Sources */,
				BFB23B362606647C007981E6 /* ProjectListView.swift in Sources */,
				BFD2FBD72601630F000A7590 /* GreenFinanceTryApp.swift in Sources */,
				BFD2FC322602ABEF000A7590 /* UIPlayerView.swift in Sources */,
				BFB23B3F26066B6C007981E6 /* ProjectSheet.swift in Sources */,
				BFD2FC392602B60D000A7590 /* TabBarView.swift in Sources */,
				BFD2FBEE260163B9000A7590 /* UserProfData+CoreDataProperties.swift in Sources */,
			);
			runOnlyForDeploymentPostprocessing = 0;
		};
/* End PBXSourcesBuildPhase section */

/* Begin XCBuildConfiguration section */
		BFD2FBE526016313000A7590 /* Debug */ = {
			isa = XCBuildConfiguration;
			buildSettings = {
				ALWAYS_SEARCH_USER_PATHS = NO;
				CLANG_ANALYZER_NONNULL = YES;
				CLANG_ANALYZER_NUMBER_OBJECT_CONVERSION = YES_AGGRESSIVE;
				CLANG_CXX_LANGUAGE_STANDARD = "gnu++14";
				CLANG_CXX_LIBRARY = "libc++";
				CLANG_ENABLE_MODULES = YES;
				CLANG_ENABLE_OBJC_ARC = YES;
				CLANG_ENABLE_OBJC_WEAK = YES;
				CLANG_WARN_BLOCK_CAPTURE_AUTORELEASING = YES;
				CLANG_WARN_BOOL_CONVERSION = YES;
				CLANG_WARN_COMMA = YES;
				CLANG_WARN_CONSTANT_CONVERSION = YES;
				CLANG_WARN_DEPRECATED_OBJC_IMPLEMENTATIONS = YES;
				CLANG_WARN_DIRECT_OBJC_ISA_USAGE = YES_ERROR;
				CLANG_WARN_DOCUMENTATION_COMMENTS = YES;
				CLANG_WARN_EMPTY_BODY = YES;
				CLANG_WARN_ENUM_CONVERSION = YES;
				CLANG_WARN_INFINITE_RECURSION = YES;
				CLANG_WARN_INT_CONVERSION = YES;
				CLANG_WARN_NON_LITERAL_NULL_CONVERSION = YES;
				CLANG_WARN_OBJC_IMPLICIT_RETAIN_SELF = YES;
				CLANG_WARN_OBJC_LITERAL_CONVERSION = YES;
				CLANG_WARN_OBJC_ROOT_CLASS = YES_ERROR;
				CLANG_WARN_QUOTED_INCLUDE_IN_FRAMEWORK_HEADER = YES;
				CLANG_WARN_RANGE_LOOP_ANALYSIS = YES;
				CLANG_WARN_STRICT_PROTOTYPES = YES;
				CLANG_WARN_SUSPICIOUS_MOVE = YES;
				CLANG_WARN_UNGUARDED_AVAILABILITY = YES_AGGRESSIVE;
				CLANG_WARN_UNREACHABLE_CODE = YES;
				CLANG_WARN__DUPLICATE_METHOD_MATCH = YES;
				COPY_PHASE_STRIP = NO;
				DEBUG_INFORMATION_FORMAT = dwarf;
				ENABLE_STRICT_OBJC_MSGSEND = YES;
				ENABLE_TESTABILITY = YES;
				GCC_C_LANGUAGE_STANDARD = gnu11;
				GCC_DYNAMIC_NO_PIC = NO;
				GCC_NO_COMMON_BLOCKS = YES;
				GCC_OPTIMIZATION_LEVEL = 0;
				GCC_PREPROCESSOR_DEFINITIONS = (
					"DEBUG=1",
					"$(inherited)",
				);
				GCC_WARN_64_TO_32_BIT_CONVERSION = YES;
				GCC_WARN_ABOUT_RETURN_TYPE = YES_ERROR;
				GCC_WARN_UNDECLARED_SELECTOR = YES;
				GCC_WARN_UNINITIALIZED_AUTOS = YES_AGGRESSIVE;
				GCC_WARN_UNUSED_FUNCTION = YES;
				GCC_WARN_UNUSED_VARIABLE = YES;
				IPHONEOS_DEPLOYMENT_TARGET = 14.4;
				MTL_ENABLE_DEBUG_INFO = INCLUDE_SOURCE;
				MTL_FAST_MATH = YES;
				ONLY_ACTIVE_ARCH = YES;
				SDKROOT = iphoneos;
				SWIFT_ACTIVE_COMPILATION_CONDITIONS = DEBUG;
				SWIFT_OPTIMIZATION_LEVEL = "-Onone";
			};
			name = Debug;
		};
		BFD2FBE626016313000A7590 /* Release */ = {
			isa = XCBuildConfiguration;
			buildSettings = {
				ALWAYS_SEARCH_USER_PATHS = NO;
				CLANG_ANALYZER_NONNULL = YES;
				CLANG_ANALYZER_NUMBER_OBJECT_CONVERSION = YES_AGGRESSIVE;
				CLANG_CXX_LANGUAGE_STANDARD = "gnu++14";
				CLANG_CXX_LIBRARY = "libc++";
				CLANG_ENABLE_MODULES = YES;
				CLANG_ENABLE_OBJC_ARC = YES;
				CLANG_ENABLE_OBJC_WEAK = YES;
				CLANG_WARN_BLOCK_CAPTURE_AUTORELEASING = YES;
				CLANG_WARN_BOOL_CONVERSION = YES;
				CLANG_WARN_COMMA = YES;
				CLANG_WARN_CONSTANT_CONVERSION = YES;
				CLANG_WARN_DEPRECATED_OBJC_IMPLEMENTATIONS = YES;
				CLANG_WARN_DIRECT_OBJC_ISA_USAGE = YES_ERROR;
				CLANG_WARN_DOCUMENTATION_COMMENTS = YES;
				CLANG_WARN_EMPTY_BODY = YES;
				CLANG_WARN_ENUM_CONVERSION = YES;
				CLANG_WARN_INFINITE_RECURSION = YES;
				CLANG_WARN_INT_CONVERSION = YES;
				CLANG_WARN_NON_LITERAL_NULL_CONVERSION = YES;
				CLANG_WARN_OBJC_IMPLICIT_RETAIN_SELF = YES;
				CLANG_WARN_OBJC_LITERAL_CONVERSION = YES;
				CLANG_WARN_OBJC_ROOT_CLASS = YES_ERROR;
				CLANG_WARN_QUOTED_INCLUDE_IN_FRAMEWORK_HEADER = YES;
				CLANG_WARN_RANGE_LOOP_ANALYSIS = YES;
				CLANG_WARN_STRICT_PROTOTYPES = YES;
				CLANG_WARN_SUSPICIOUS_MOVE = YES;
				CLANG_WARN_UNGUARDED_AVAILABILITY = YES_AGGRESSIVE;
				CLANG_WARN_UNREACHABLE_CODE = YES;
				CLANG_WARN__DUPLICATE_METHOD_MATCH = YES;
				COPY_PHASE_STRIP = NO;
				DEBUG_INFORMATION_FORMAT = "dwarf-with-dsym";
				ENABLE_NS_ASSERTIONS = NO;
				ENABLE_STRICT_OBJC_MSGSEND = YES;
				GCC_C_LANGUAGE_STANDARD = gnu11;
				GCC_NO_COMMON_BLOCKS = YES;
				GCC_WARN_64_TO_32_BIT_CONVERSION = YES;
				GCC_WARN_ABOUT_RETURN_TYPE = YES_ERROR;
				GCC_WARN_UNDECLARED_SELECTOR = YES;
				GCC_WARN_UNINITIALIZED_AUTOS = YES_AGGRESSIVE;
				GCC_WARN_UNUSED_FUNCTION = YES;
				GCC_WARN_UNUSED_VARIABLE = YES;
				IPHONEOS_DEPLOYMENT_TARGET = 14.4;
				MTL_ENABLE_DEBUG_INFO = NO;
				MTL_FAST_MATH = YES;
				SDKROOT = iphoneos;
				SWIFT_COMPILATION_MODE = wholemodule;
				SWIFT_OPTIMIZATION_LEVEL = "-O";
				VALIDATE_PRODUCT = YES;
			};
			name = Release;
		};
		BFD2FBE826016313000A7590 /* Debug */ = {
			isa = XCBuildConfiguration;
			buildSettings = {
				ASSETCATALOG_COMPILER_APPICON_NAME = AppIcon;
				ASSETCATALOG_COMPILER_GLOBAL_ACCENT_COLOR_NAME = AccentColor;
				CODE_SIGN_STYLE = Automatic;
				DEVELOPMENT_ASSET_PATHS = "\"GreenFinanceTry/Preview Content\"";
				DEVELOPMENT_TEAM = Q2NNJR7846;
				ENABLE_PREVIEWS = YES;
				INFOPLIST_FILE = GreenFinanceTry/Info.plist;
				IPHONEOS_DEPLOYMENT_TARGET = 14.0;
				LD_RUNPATH_SEARCH_PATHS = (
					"$(inherited)",
					"@executable_path/Frameworks",
				);
				PRODUCT_BUNDLE_IDENTIFIER = yoko.GreenFinanceTry;
				PRODUCT_NAME = "$(TARGET_NAME)";
				SWIFT_VERSION = 5.0;
				TARGETED_DEVICE_FAMILY = "1,2";
			};
			name = Debug;
		};
		BFD2FBE926016313000A7590 /* Release */ = {
			isa = XCBuildConfiguration;
			buildSettings = {
				ASSETCATALOG_COMPILER_APPICON_NAME = AppIcon;
				ASSETCATALOG_COMPILER_GLOBAL_ACCENT_COLOR_NAME = AccentColor;
				CODE_SIGN_STYLE = Automatic;
				DEVELOPMENT_ASSET_PATHS = "\"GreenFinanceTry/Preview Content\"";
				DEVELOPMENT_TEAM = Q2NNJR7846;
				ENABLE_PREVIEWS = YES;
				INFOPLIST_FILE = GreenFinanceTry/Info.plist;
				IPHONEOS_DEPLOYMENT_TARGET = 14.0;
				LD_RUNPATH_SEARCH_PATHS = (
					"$(inherited)",
					"@executable_path/Frameworks",
				);
				PRODUCT_BUNDLE_IDENTIFIER = yoko.GreenFinanceTry;
				PRODUCT_NAME = "$(TARGET_NAME)";
				SWIFT_VERSION = 5.0;
				TARGETED_DEVICE_FAMILY = "1,2";
			};
			name = Release;
		};
/* End XCBuildConfiguration section */

/* Begin XCConfigurationList section */
		BFD2FBCE2601630F000A7590 /* Build configuration list for PBXProject "GreenFinanceTry" */ = {
			isa = XCConfigurationList;
			buildConfigurations = (
				BFD2FBE526016313000A7590 /* Debug */,
				BFD2FBE626016313000A7590 /* Release */,
			);
			defaultConfigurationIsVisible = 0;
			defaultConfigurationName = Release;
		};
		BFD2FBE726016313000A7590 /* Build configuration list for PBXNativeTarget "GreenFinanceTry" */ = {
			isa = XCConfigurationList;
			buildConfigurations = (
				BFD2FBE826016313000A7590 /* Debug */,
				BFD2FBE926016313000A7590 /* Release */,
			);
			defaultConfigurationIsVisible = 0;
			defaultConfigurationName = Release;
		};
/* End XCConfigurationList section */

/* Begin XCVersionGroup section */
		BFD2FBE126016313000A7590 /* GreenFinanceTry.xcdatamodeld */ = {
			isa = XCVersionGroup;
			children = (
				BFD2FBE226016313000A7590 /* GreenFinanceTry.xcdatamodel */,
			);
			currentVersion = BFD2FBE226016313000A7590 /* GreenFinanceTry.xcdatamodel */;
			path = GreenFinanceTry.xcdatamodeld;
			sourceTree = "<group>";
			versionGroupType = wrapper.xcdatamodel;
		};
/* End XCVersionGroup section */
	};
	rootObject = BFD2FBCB2601630F000A7590 /* Project object */;
}
